
Microsoft Visual Studio Solution File, Format Version 12.00
# Visual Studio Version 17
VisualStudioVersion = 17.0.31521.260
MinimumVisualStudioVersion = 10.0.40219.1
Project("{9A19103F-16F7-4668-BE54-9A1E7A4F7556}") = "QuanLyCuaHangVangBac", "QuanLyCuaHangVangBac.csproj", "{99BD49F2-F2A1-467C-AFA6-95DE2582D26B}"
EndProject
Project("{FAE04EC0-301F-11D3-BF4B-00C04F79EFBC}") = "interface_QLCHVB", "..\interface_QLCHVB\interface_QLCHVB.csproj", "{13C6DFA1-B14B-4755-AFB6-C68544E758AF}"
EndProject
Global
	GlobalSection(SolutionConfigurationPlatforms) = preSolution
		Debug|Any CPU = Debug|Any CPU
		Release|Any CPU = Release|Any CPU
	EndGlobalSection
	GlobalSection(ProjectConfigurationPlatforms) = postSolution
		{99BD49F2-F2A1-467C-AFA6-95DE2582D26B}.Debug|Any CPU.ActiveCfg = Debug|Any CPU
		{99BD49F2-F2A1-467C-AFA6-95DE2582D26B}.Debug|Any CPU.Build.0 = Debug|Any CPU
		{99BD49F2-F2A1-467C-AFA6-95DE2582D26B}.Release|Any CPU.ActiveCfg = Release|Any CPU
		{99BD49F2-F2A1-467C-AFA6-95DE2582D26B}.Release|Any CPU.Build.0 = Release|Any CPU
		{13C6DFA1-B14B-4755-AFB6-C68544E758AF}.Debug|Any CPU.ActiveCfg = Debug|Any CPU
		{13C6DFA1-B14B-4755-AFB6-C68544E758AF}.Debug|Any CPU.Build.0 = Debug|Any CPU
		{13C6DFA1-B14B-4755-AFB6-C68544E758AF}.Release|Any CPU.ActiveCfg = Release|Any CPU
		{13C6DFA1-B14B-4755-AFB6-C68544E758AF}.Release|Any CPU.Build.0 = Release|Any CPU
	EndGlobalSection
	GlobalSection(SolutionProperties) = preSolution
		HideSolutionNode = FALSE
	EndGlobalSection
	GlobalSection(ExtensibilityGlobals) = postSolution
		SolutionGuid = {24280ACA-E2E8-481C-9482-38FE309BCAC1}
	EndGlobalSection
EndGlobal
